
Microsoft Visual Studio Solution File, Format Version 12.00
# Visual Studio 2012
Project("{FAE04EC0-301F-11D3-BF4B-00C04F79EFBC}") = "TestProject", "TestProject\TestProject.csproj", "{0AFB946B-E93E-4B61-B9C2-60EF66DC6B12}"
EndProject
Project("{FAE04EC0-301F-11D3-BF4B-00C04F79EFBC}") = "WPFStudentClockTests", "WPFStudentClockTests\WPFStudentClockTests.csproj", "{99D57968-146F-48EA-AC38-33841ABB66D9}"
EndProject
Project("{FAE04EC0-301F-11D3-BF4B-00C04F79EFBC}") = "SchoolDB", "SchoolDB\SchoolDB.csproj", "{DE02243D-28BB-4834-BC98-44339E56F5B1}"
EndProject
Global
	GlobalSection(SolutionConfigurationPlatforms) = preSolution
		Debug|Any CPU = Debug|Any CPU
		Release|Any CPU = Release|Any CPU
	EndGlobalSection
	GlobalSection(ProjectConfigurationPlatforms) = postSolution
		{0AFB946B-E93E-4B61-B9C2-60EF66DC6B12}.Debug|Any CPU.ActiveCfg = Debug|Any CPU
		{0AFB946B-E93E-4B61-B9C2-60EF66DC6B12}.Debug|Any CPU.Build.0 = Debug|Any CPU
		{0AFB946B-E93E-4B61-B9C2-60EF66DC6B12}.Release|Any CPU.ActiveCfg = Release|Any CPU
		{0AFB946B-E93E-4B61-B9C2-60EF66DC6B12}.Release|Any CPU.Build.0 = Release|Any CPU
		{99D57968-146F-48EA-AC38-33841ABB66D9}.Debug|Any CPU.ActiveCfg = Debug|Any CPU
		{99D57968-146F-48EA-AC38-33841ABB66D9}.Debug|Any CPU.Build.0 = Debug|Any CPU
		{99D57968-146F-48EA-AC38-33841ABB66D9}.Release|Any CPU.ActiveCfg = Release|Any CPU
		{99D57968-146F-48EA-AC38-33841ABB66D9}.Release|Any CPU.Build.0 = Release|Any CPU
		{DE02243D-28BB-4834-BC98-44339E56F5B1}.Debug|Any CPU.ActiveCfg = Debug|Any CPU
		{DE02243D-28BB-4834-BC98-44339E56F5B1}.Debug|Any CPU.Build.0 = Debug|Any CPU
		{DE02243D-28BB-4834-BC98-44339E56F5B1}.Release|Any CPU.ActiveCfg = Release|Any CPU
		{DE02243D-28BB-4834-BC98-44339E56F5B1}.Release|Any CPU.Build.0 = Release|Any CPU
	EndGlobalSection
	GlobalSection(SolutionProperties) = preSolution
		HideSolutionNode = FALSE
	EndGlobalSection
EndGlobal
